<Solution>
  <Folder Name="/Solution Items/">
    <File Path=".editorconfig" />
    <File Path=".gitignore" />
    <File Path="Directory.Build.props" />
    <File Path="global.json" />
    <File Path="dotnet-tools.json" />
    <File Path="README.md" />
  </Folder>
  <Folder Name="/src/" />
  <Folder Name="/samples/">
    <Project Path="samples/DigitsCnn/DigitsCnn.csproj" />
  </Folder>
  <Folder Name="/tests/" />
</Solution>
