<Solution>
  <Folder Name="/Solution Items/">
    <File Path=".editorconfig" />
    <File Path=".gitignore" />
    <File Path="Directory.Build.props" />
    <File Path="global.json" />
    <File Path="dotnet-tools.json" />
    <File Path="README.md" />
  </Folder>
  <Folder Name="/src/">
    <Project Path="src/CnnSamples.Shared/CnnSamples.Shared.csproj" />
  </Folder>
  <Folder Name="/samples/">
    <Project Path="samples/DigitsCnn/DigitsCnn.csproj" />
    <Project Path="samples/DocumentOcr/DocumentOcr.csproj" />
    <Project Path="samples/LettersCnn/LettersCnn.csproj" />
    <Project Path="samples/MultiLanguageOcr/MultiLanguageOcr.csproj" />
  </Folder>
  <Folder Name="/tests/" />
</Solution>
